
Microsoft Visual Studio Solution File, Format Version 12.00
# Visual Studio Version 17
VisualStudioVersion = 17.2.32630.192
MinimumVisualStudioVersion = 10.0.40219.1
Project("{9A19103F-16F7-4668-BE54-9A1E7A4F7556}") = "TwitchChatParser", "TwitchChatParser\TwitchChatParser.csproj", "{96B932AB-DC9F-457D-A638-6A73EFE2F092}"
EndProject
Project("{9A19103F-16F7-4668-BE54-9A1E7A4F7556}") = "Db", "Db\Db.csproj", "{701D3257-959E-43BF-8B32-C1F044A68608}"
EndProject
Project("{9A19103F-16F7-4668-BE54-9A1E7A4F7556}") = "TwitchChat", "TwitchChat\TwitchChat.csproj", "{69316E76-47AB-4973-80A4-1493EA5337C8}"
EndProject
Project("{9A19103F-16F7-4668-BE54-9A1E7A4F7556}") = "TwitchApi", "TwitchApi\TwitchApi.csproj", "{78847E01-CB89-4941-8AF0-36C5A6CBF5E2}"
EndProject
Project("{9A19103F-16F7-4668-BE54-9A1E7A4F7556}") = "Models", "Models\Models.csproj", "{B4BD2BCF-782D-4858-96AB-AE356AEBA82B}"
EndProject
Global
	GlobalSection(SolutionConfigurationPlatforms) = preSolution
		Debug|Any CPU = Debug|Any CPU
		Release|Any CPU = Release|Any CPU
	EndGlobalSection
	GlobalSection(ProjectConfigurationPlatforms) = postSolution
		{96B932AB-DC9F-457D-A638-6A73EFE2F092}.Debug|Any CPU.ActiveCfg = Debug|Any CPU
		{96B932AB-DC9F-457D-A638-6A73EFE2F092}.Debug|Any CPU.Build.0 = Debug|Any CPU
		{96B932AB-DC9F-457D-A638-6A73EFE2F092}.Release|Any CPU.ActiveCfg = Release|Any CPU
		{96B932AB-DC9F-457D-A638-6A73EFE2F092}.Release|Any CPU.Build.0 = Release|Any CPU
		{701D3257-959E-43BF-8B32-C1F044A68608}.Debug|Any CPU.ActiveCfg = Debug|Any CPU
		{701D3257-959E-43BF-8B32-C1F044A68608}.Debug|Any CPU.Build.0 = Debug|Any CPU
		{701D3257-959E-43BF-8B32-C1F044A68608}.Release|Any CPU.ActiveCfg = Release|Any CPU
		{701D3257-959E-43BF-8B32-C1F044A68608}.Release|Any CPU.Build.0 = Release|Any CPU
		{69316E76-47AB-4973-80A4-1493EA5337C8}.Debug|Any CPU.ActiveCfg = Debug|Any CPU
		{69316E76-47AB-4973-80A4-1493EA5337C8}.Debug|Any CPU.Build.0 = Debug|Any CPU
		{69316E76-47AB-4973-80A4-1493EA5337C8}.Release|Any CPU.ActiveCfg = Release|Any CPU
		{69316E76-47AB-4973-80A4-1493EA5337C8}.Release|Any CPU.Build.0 = Release|Any CPU
		{78847E01-CB89-4941-8AF0-36C5A6CBF5E2}.Debug|Any CPU.ActiveCfg = Debug|Any CPU
		{78847E01-CB89-4941-8AF0-36C5A6CBF5E2}.Debug|Any CPU.Build.0 = Debug|Any CPU
		{78847E01-CB89-4941-8AF0-36C5A6CBF5E2}.Release|Any CPU.ActiveCfg = Release|Any CPU
		{78847E01-CB89-4941-8AF0-36C5A6CBF5E2}.Release|Any CPU.Build.0 = Release|Any CPU
		{B4BD2BCF-782D-4858-96AB-AE356AEBA82B}.Debug|Any CPU.ActiveCfg = Debug|Any CPU
		{B4BD2BCF-782D-4858-96AB-AE356AEBA82B}.Debug|Any CPU.Build.0 = Debug|Any CPU
		{B4BD2BCF-782D-4858-96AB-AE356AEBA82B}.Release|Any CPU.ActiveCfg = Release|Any CPU
		{B4BD2BCF-782D-4858-96AB-AE356AEBA82B}.Release|Any CPU.Build.0 = Release|Any CPU
	EndGlobalSection
	GlobalSection(SolutionProperties) = preSolution
		HideSolutionNode = FALSE
	EndGlobalSection
	GlobalSection(ExtensibilityGlobals) = postSolution
		SolutionGuid = {535BC205-0B32-4E91-A473-3BB2CEE23642}
	EndGlobalSection
EndGlobal
