
Microsoft Visual Studio Solution File, Format Version 12.00
# Visual Studio Version 17
VisualStudioVersion = 17.2.32630.192
MinimumVisualStudioVersion = 10.0.40219.1
Project("{FAE04EC0-301F-11D3-BF4B-00C04F79EFBC}") = "TwitchAnalyzer", "TwitchAnalyzer.csproj", "{075EF310-420F-4AB8-B3A9-B3CE88C5F1CD}"
EndProject
Project("{9A19103F-16F7-4668-BE54-9A1E7A4F7556}") = "Models", "..\Models\Models.csproj", "{659B8B73-B95B-4975-AFBB-6F86250AB541}"
EndProject
Project("{9A19103F-16F7-4668-BE54-9A1E7A4F7556}") = "Db", "..\Db\Db.csproj", "{DBFBC1D3-AE8E-4FFE-9A3B-10007F53059E}"
EndProject
Global
	GlobalSection(SolutionConfigurationPlatforms) = preSolution
		Debug|Any CPU = Debug|Any CPU
		Release|Any CPU = Release|Any CPU
	EndGlobalSection
	GlobalSection(ProjectConfigurationPlatforms) = postSolution
		{075EF310-420F-4AB8-B3A9-B3CE88C5F1CD}.Debug|Any CPU.ActiveCfg = Debug|Any CPU
		{075EF310-420F-4AB8-B3A9-B3CE88C5F1CD}.Debug|Any CPU.Build.0 = Debug|Any CPU
		{075EF310-420F-4AB8-B3A9-B3CE88C5F1CD}.Release|Any CPU.ActiveCfg = Release|Any CPU
		{075EF310-420F-4AB8-B3A9-B3CE88C5F1CD}.Release|Any CPU.Build.0 = Release|Any CPU
		{659B8B73-B95B-4975-AFBB-6F86250AB541}.Debug|Any CPU.ActiveCfg = Debug|Any CPU
		{659B8B73-B95B-4975-AFBB-6F86250AB541}.Debug|Any CPU.Build.0 = Debug|Any CPU
		{659B8B73-B95B-4975-AFBB-6F86250AB541}.Release|Any CPU.ActiveCfg = Release|Any CPU
		{659B8B73-B95B-4975-AFBB-6F86250AB541}.Release|Any CPU.Build.0 = Release|Any CPU
		{DBFBC1D3-AE8E-4FFE-9A3B-10007F53059E}.Debug|Any CPU.ActiveCfg = Debug|Any CPU
		{DBFBC1D3-AE8E-4FFE-9A3B-10007F53059E}.Debug|Any CPU.Build.0 = Debug|Any CPU
		{DBFBC1D3-AE8E-4FFE-9A3B-10007F53059E}.Release|Any CPU.ActiveCfg = Release|Any CPU
		{DBFBC1D3-AE8E-4FFE-9A3B-10007F53059E}.Release|Any CPU.Build.0 = Release|Any CPU
	EndGlobalSection
	GlobalSection(SolutionProperties) = preSolution
		HideSolutionNode = FALSE
	EndGlobalSection
	GlobalSection(ExtensibilityGlobals) = postSolution
		SolutionGuid = {C9A93893-B452-45E1-8A0D-B375C608FF08}
	EndGlobalSection
EndGlobal
