
Microsoft Visual Studio Solution File, Format Version 12.00
# Visual Studio Version 17
VisualStudioVersion = 17.2.32630.192
MinimumVisualStudioVersion = 10.0.40219.1
Project("{9A19103F-16F7-4668-BE54-9A1E7A4F7556}") = "SentimentAnalysis", "SentimentAnalysis.csproj", "{93C8AC47-DB53-4960-9190-B586AF5D99AD}"
EndProject
Project("{9A19103F-16F7-4668-BE54-9A1E7A4F7556}") = "Db", "..\Db\Db.csproj", "{B2ADA765-DECE-4139-81EE-41F718C41DAE}"
EndProject
Project("{9A19103F-16F7-4668-BE54-9A1E7A4F7556}") = "Models", "..\Models\Models.csproj", "{B6D5FADA-5830-4727-A187-A717413EF97E}"
EndProject
Global
	GlobalSection(SolutionConfigurationPlatforms) = preSolution
		Debug|Any CPU = Debug|Any CPU
		Release|Any CPU = Release|Any CPU
	EndGlobalSection
	GlobalSection(ProjectConfigurationPlatforms) = postSolution
		{93C8AC47-DB53-4960-9190-B586AF5D99AD}.Debug|Any CPU.ActiveCfg = Debug|Any CPU
		{93C8AC47-DB53-4960-9190-B586AF5D99AD}.Debug|Any CPU.Build.0 = Debug|Any CPU
		{93C8AC47-DB53-4960-9190-B586AF5D99AD}.Release|Any CPU.ActiveCfg = Release|Any CPU
		{93C8AC47-DB53-4960-9190-B586AF5D99AD}.Release|Any CPU.Build.0 = Release|Any CPU
		{B2ADA765-DECE-4139-81EE-41F718C41DAE}.Debug|Any CPU.ActiveCfg = Debug|Any CPU
		{B2ADA765-DECE-4139-81EE-41F718C41DAE}.Debug|Any CPU.Build.0 = Debug|Any CPU
		{B2ADA765-DECE-4139-81EE-41F718C41DAE}.Release|Any CPU.ActiveCfg = Release|Any CPU
		{B2ADA765-DECE-4139-81EE-41F718C41DAE}.Release|Any CPU.Build.0 = Release|Any CPU
		{B6D5FADA-5830-4727-A187-A717413EF97E}.Debug|Any CPU.ActiveCfg = Debug|Any CPU
		{B6D5FADA-5830-4727-A187-A717413EF97E}.Debug|Any CPU.Build.0 = Debug|Any CPU
		{B6D5FADA-5830-4727-A187-A717413EF97E}.Release|Any CPU.ActiveCfg = Release|Any CPU
		{B6D5FADA-5830-4727-A187-A717413EF97E}.Release|Any CPU.Build.0 = Release|Any CPU
	EndGlobalSection
	GlobalSection(SolutionProperties) = preSolution
		HideSolutionNode = FALSE
	EndGlobalSection
	GlobalSection(ExtensibilityGlobals) = postSolution
		SolutionGuid = {87918D4C-C40A-4D0F-A150-112674009229}
	EndGlobalSection
EndGlobal
